// !$*UTF8*$!
{
	archiveVersion = 1;
	classes = {
	};
	objectVersion = 56;
	objects = {

/* Begin PBXBuildFile section */
		F706E1582AF3F08300F3E041 /* AppDelegate.swift in Sources */ = {isa = PBXBuildFile; fileRef = F706E1572AF3F08300F3E041 /* AppDelegate.swift */; };
		F706E15A2AF3F08300F3E041 /* SceneDelegate.swift in Sources */ = {isa = PBXBuildFile; fileRef = F706E1592AF3F08300F3E041 /* SceneDelegate.swift */; };
		F706E15C2AF3F08300F3E041 /* ImagesListViewController.swift in Sources */ = {isa = PBXBuildFile; fileRef = F706E15B2AF3F08300F3E041 /* ImagesListViewController.swift */; };
		F706E15F2AF3F08300F3E041 /* Main.storyboard in Resources */ = {isa = PBXBuildFile; fileRef = F706E15D2AF3F08300F3E041 /* Main.storyboard */; };
		F706E1612AF3F08400F3E041 /* Assets.xcassets in Resources */ = {isa = PBXBuildFile; fileRef = F706E1602AF3F08400F3E041 /* Assets.xcassets */; };
		F706E1642AF3F08400F3E041 /* LaunchScreen.storyboard in Resources */ = {isa = PBXBuildFile; fileRef = F706E1622AF3F08400F3E041 /* LaunchScreen.storyboard */; };
		F73013C12B0B537300F4055B /* SingleImageViewController.swift in Sources */ = {isa = PBXBuildFile; fileRef = F73013C02B0B537300F4055B /* SingleImageViewController.swift */; };
		F7366A382B56DCD2000452CB /* OAuthTokenResponseBody.swift in Sources */ = {isa = PBXBuildFile; fileRef = F7366A372B56DCD2000452CB /* OAuthTokenResponseBody.swift */; };
		F7366A3C2B5BDFBE000452CB /* ProgressHUD in Frameworks */ = {isa = PBXBuildFile; productRef = F7366A3B2B5BDFBE000452CB /* ProgressHUD */; };
		F7366A3E2B6799D8000452CB /* UIBlockingProgressHUD.swift in Sources */ = {isa = PBXBuildFile; fileRef = F7366A3D2B6799D8000452CB /* UIBlockingProgressHUD.swift */; };
		F7366A402B679E48000452CB /* ProfileService.swift in Sources */ = {isa = PBXBuildFile; fileRef = F7366A3F2B679E48000452CB /* ProfileService.swift */; };
		F7366A422B68023A000452CB /* ProfileStructures.swift in Sources */ = {isa = PBXBuildFile; fileRef = F7366A412B68023A000452CB /* ProfileStructures.swift */; };
		F7401DB92B0900110049A66A /* ProfileViewController.swift in Sources */ = {isa = PBXBuildFile; fileRef = F7401DB82B0900110049A66A /* ProfileViewController.swift */; };
		F740D83E2BB2C2CC00007C82 /* ProfileImageService.swift in Sources */ = {isa = PBXBuildFile; fileRef = F740D83D2BB2C2CC00007C82 /* ProfileImageService.swift */; };
		F77BC4CD2B247C9500B39DA8 /* Constants.swift in Sources */ = {isa = PBXBuildFile; fileRef = F77BC4CC2B247C9500B39DA8 /* Constants.swift */; };
		F77BC4CF2B24E07B00B39DA8 /* AuthViewController.swift in Sources */ = {isa = PBXBuildFile; fileRef = F77BC4CE2B24E07A00B39DA8 /* AuthViewController.swift */; };
		F78430F92AF8C3C600EDA23F /* ImagesListCell.swift in Sources */ = {isa = PBXBuildFile; fileRef = F78430F82AF8C3C600EDA23F /* ImagesListCell.swift */; };
		F7B84D6B2C1C64DF006B5366 /* URLSession+data.swift in Sources */ = {isa = PBXBuildFile; fileRef = F7B84D6A2C1C64DF006B5366 /* URLSession+data.swift */; };
		F7B84D6D2C202F89006B5366 /* AlertPresenter.swift in Sources */ = {isa = PBXBuildFile; fileRef = F7B84D6C2C202F89006B5366 /* AlertPresenter.swift */; };
		F7B84D702C207571006B5366 /* Kingfisher in Frameworks */ = {isa = PBXBuildFile; productRef = F7B84D6F2C207571006B5366 /* Kingfisher */; };
		F7B84D732C21D35A006B5366 /* SwiftKeychainWrapper in Frameworks */ = {isa = PBXBuildFile; productRef = F7B84D722C21D35A006B5366 /* SwiftKeychainWrapper */; };
		F7F00F672B258A6F00729486 /* WebViewViewController.swift in Sources */ = {isa = PBXBuildFile; fileRef = F7F00F662B258A6F00729486 /* WebViewViewController.swift */; };
		F7F348572B31B9EC00DD0FA8 /* SplashViewController.swift in Sources */ = {isa = PBXBuildFile; fileRef = F7F348562B31B9EC00DD0FA8 /* SplashViewController.swift */; };
		F7F3485B2B31BC5300DD0FA8 /* OAuth2Service.swift in Sources */ = {isa = PBXBuildFile; fileRef = F7F3485A2B31BC5300DD0FA8 /* OAuth2Service.swift */; };
		F7F3485D2B31BC7000DD0FA8 /* OAuth2TokenStorage.swift in Sources */ = {isa = PBXBuildFile; fileRef = F7F3485C2B31BC7000DD0FA8 /* OAuth2TokenStorage.swift */; };
/* End PBXBuildFile section */

/* Begin PBXFileReference section */
		F706E1542AF3F08300F3E041 /* ImageFeed.app */ = {isa = PBXFileReference; explicitFileType = wrapper.application; includeInIndex = 0; path = ImageFeed.app; sourceTree = BUILT_PRODUCTS_DIR; };
		F706E1572AF3F08300F3E041 /* AppDelegate.swift */ = {isa = PBXFileReference; lastKnownFileType = sourcecode.swift; path = AppDelegate.swift; sourceTree = "<group>"; };
		F706E1592AF3F08300F3E041 /* SceneDelegate.swift */ = {isa = PBXFileReference; lastKnownFileType = sourcecode.swift; path = SceneDelegate.swift; sourceTree = "<group>"; };
		F706E15B2AF3F08300F3E041 /* ImagesListViewController.swift */ = {isa = PBXFileReference; lastKnownFileType = sourcecode.swift; path = ImagesListViewController.swift; sourceTree = "<group>"; };
		F706E15E2AF3F08300F3E041 /* Base */ = {isa = PBXFileReference; lastKnownFileType = file.storyboard; name = Base; path = Base.lproj/Main.storyboard; sourceTree = "<group>"; };
		F706E1602AF3F08400F3E041 /* Assets.xcassets */ = {isa = PBXFileReference; lastKnownFileType = folder.assetcatalog; path = Assets.xcassets; sourceTree = "<group>"; };
		F706E1632AF3F08400F3E041 /* Base */ = {isa = PBXFileReference; lastKnownFileType = file.storyboard; name = Base; path = Base.lproj/LaunchScreen.storyboard; sourceTree = "<group>"; };
		F706E1652AF3F08400F3E041 /* Info.plist */ = {isa = PBXFileReference; lastKnownFileType = text.plist.xml; path = Info.plist; sourceTree = "<group>"; };
		F73013C02B0B537300F4055B /* SingleImageViewController.swift */ = {isa = PBXFileReference; lastKnownFileType = sourcecode.swift; path = SingleImageViewController.swift; sourceTree = "<group>"; };
		F7366A372B56DCD2000452CB /* OAuthTokenResponseBody.swift */ = {isa = PBXFileReference; lastKnownFileType = sourcecode.swift; path = OAuthTokenResponseBody.swift; sourceTree = "<group>"; };
		F7366A3D2B6799D8000452CB /* UIBlockingProgressHUD.swift */ = {isa = PBXFileReference; lastKnownFileType = sourcecode.swift; path = UIBlockingProgressHUD.swift; sourceTree = "<group>"; };
		F7366A3F2B679E48000452CB /* ProfileService.swift */ = {isa = PBXFileReference; lastKnownFileType = sourcecode.swift; path = ProfileService.swift; sourceTree = "<group>"; };
		F7366A412B68023A000452CB /* ProfileStructures.swift */ = {isa = PBXFileReference; lastKnownFileType = sourcecode.swift; path = ProfileStructures.swift; sourceTree = "<group>"; };
		F7401DB82B0900110049A66A /* ProfileViewController.swift */ = {isa = PBXFileReference; lastKnownFileType = sourcecode.swift; path = ProfileViewController.swift; sourceTree = "<group>"; };
		F740D83D2BB2C2CC00007C82 /* ProfileImageService.swift */ = {isa = PBXFileReference; lastKnownFileType = sourcecode.swift; path = ProfileImageService.swift; sourceTree = "<group>"; };
		F77BC4CC2B247C9500B39DA8 /* Constants.swift */ = {isa = PBXFileReference; lastKnownFileType = sourcecode.swift; path = Constants.swift; sourceTree = "<group>"; };
		F77BC4CE2B24E07A00B39DA8 /* AuthViewController.swift */ = {isa = PBXFileReference; lastKnownFileType = sourcecode.swift; path = AuthViewController.swift; sourceTree = "<group>"; };
		F78430F82AF8C3C600EDA23F /* ImagesListCell.swift */ = {isa = PBXFileReference; lastKnownFileType = sourcecode.swift; path = ImagesListCell.swift; sourceTree = "<group>"; };
		F7B84D6A2C1C64DF006B5366 /* URLSession+data.swift */ = {isa = PBXFileReference; lastKnownFileType = sourcecode.swift; path = "URLSession+data.swift"; sourceTree = "<group>"; };
		F7B84D6C2C202F89006B5366 /* AlertPresenter.swift */ = {isa = PBXFileReference; lastKnownFileType = sourcecode.swift; path = AlertPresenter.swift; sourceTree = "<group>"; };
		F7F00F662B258A6F00729486 /* WebViewViewController.swift */ = {isa = PBXFileReference; lastKnownFileType = sourcecode.swift; path = WebViewViewController.swift; sourceTree = "<group>"; };
		F7F348562B31B9EC00DD0FA8 /* SplashViewController.swift */ = {isa = PBXFileReference; lastKnownFileType = sourcecode.swift; path = SplashViewController.swift; sourceTree = "<group>"; };
		F7F3485A2B31BC5300DD0FA8 /* OAuth2Service.swift */ = {isa = PBXFileReference; lastKnownFileType = sourcecode.swift; path = OAuth2Service.swift; sourceTree = "<group>"; };
		F7F3485C2B31BC7000DD0FA8 /* OAuth2TokenStorage.swift */ = {isa = PBXFileReference; lastKnownFileType = sourcecode.swift; path = OAuth2TokenStorage.swift; sourceTree = "<group>"; };
/* End PBXFileReference section */

/* Begin PBXFrameworksBuildPhase section */
		F706E1512AF3F08300F3E041 /* Frameworks */ = {
			isa = PBXFrameworksBuildPhase;
			buildActionMask = 2147483647;
			files = (
				F7B84D702C207571006B5366 /* Kingfisher in Frameworks */,
				F7366A3C2B5BDFBE000452CB /* ProgressHUD in Frameworks */,
				F7B84D732C21D35A006B5366 /* SwiftKeychainWrapper in Frameworks */,
			);
			runOnlyForDeploymentPostprocessing = 0;
		};
/* End PBXFrameworksBuildPhase section */

/* Begin PBXGroup section */
		F706E14B2AF3F08300F3E041 = {
			isa = PBXGroup;
			children = (
				F706E1562AF3F08300F3E041 /* ImageFeed */,
				F706E1552AF3F08300F3E041 /* Products */,
			);
			sourceTree = "<group>";
		};
		F706E1552AF3F08300F3E041 /* Products */ = {
			isa = PBXGroup;
			children = (
				F706E1542AF3F08300F3E041 /* ImageFeed.app */,
			);
			name = Products;
			sourceTree = "<group>";
		};
		F706E1562AF3F08300F3E041 /* ImageFeed */ = {
			isa = PBXGroup;
			children = (
				F706E1572AF3F08300F3E041 /* AppDelegate.swift */,
				F706E1592AF3F08300F3E041 /* SceneDelegate.swift */,
				F77BC4CC2B247C9500B39DA8 /* Constants.swift */,
				F7366A3D2B6799D8000452CB /* UIBlockingProgressHUD.swift */,
				F7B84D6A2C1C64DF006B5366 /* URLSession+data.swift */,
				F7B84D6C2C202F89006B5366 /* AlertPresenter.swift */,
				F7F348582B31BC1800DD0FA8 /* ServiceAccessLayer */,
				F7F348552B31B47500DD0FA8 /* SplashViewController */,
				F77BC4D02B24E08000B39DA8 /* Auth */,
				F7401DB32B08FA870049A66A /* Profile */,
				F78430FA2AF8C40400EDA23F /* IImagesList */,
				F7F348542B31B42C00DD0FA8 /* SingleImageViewContriller */,
				F706E15D2AF3F08300F3E041 /* Main.storyboard */,
				F706E1602AF3F08400F3E041 /* Assets.xcassets */,
				F706E1622AF3F08400F3E041 /* LaunchScreen.storyboard */,
				F706E1652AF3F08400F3E041 /* Info.plist */,
			);
			path = ImageFeed;
			sourceTree = "<group>";
		};
		F7401DB32B08FA870049A66A /* Profile */ = {
			isa = PBXGroup;
			children = (
				F7401DB82B0900110049A66A /* ProfileViewController.swift */,
				F7366A3F2B679E48000452CB /* ProfileService.swift */,
				F740D83D2BB2C2CC00007C82 /* ProfileImageService.swift */,
				F7366A412B68023A000452CB /* ProfileStructures.swift */,
			);
			path = Profile;
			sourceTree = "<group>";
		};
		F77BC4D02B24E08000B39DA8 /* Auth */ = {
			isa = PBXGroup;
			children = (
				F77BC4CE2B24E07A00B39DA8 /* AuthViewController.swift */,
				F7F00F662B258A6F00729486 /* WebViewViewController.swift */,
			);
			path = Auth;
			sourceTree = "<group>";
		};
		F78430FA2AF8C40400EDA23F /* IImagesList */ = {
			isa = PBXGroup;
			children = (
				F78430F82AF8C3C600EDA23F /* ImagesListCell.swift */,
				F706E15B2AF3F08300F3E041 /* ImagesListViewController.swift */,
			);
			path = IImagesList;
			sourceTree = "<group>";
		};
		F7F348542B31B42C00DD0FA8 /* SingleImageViewContriller */ = {
			isa = PBXGroup;
			children = (
				F73013C02B0B537300F4055B /* SingleImageViewController.swift */,
			);
			path = SingleImageViewContriller;
			sourceTree = "<group>";
		};
		F7F348552B31B47500DD0FA8 /* SplashViewController */ = {
			isa = PBXGroup;
			children = (
				F7F348562B31B9EC00DD0FA8 /* SplashViewController.swift */,
			);
			path = SplashViewController;
			sourceTree = "<group>";
		};
		F7F348582B31BC1800DD0FA8 /* ServiceAccessLayer */ = {
			isa = PBXGroup;
			children = (
				F7F348592B31BC2E00DD0FA8 /* OAuth2 */,
			);
			path = ServiceAccessLayer;
			sourceTree = "<group>";
		};
		F7F348592B31BC2E00DD0FA8 /* OAuth2 */ = {
			isa = PBXGroup;
			children = (
				F7F3485A2B31BC5300DD0FA8 /* OAuth2Service.swift */,
				F7F3485C2B31BC7000DD0FA8 /* OAuth2TokenStorage.swift */,
				F7366A372B56DCD2000452CB /* OAuthTokenResponseBody.swift */,
			);
			path = OAuth2;
			sourceTree = "<group>";
		};
/* End PBXGroup section */

/* Begin PBXNativeTarget section */
		F706E1532AF3F08300F3E041 /* ImageFeed */ = {
			isa = PBXNativeTarget;
			buildConfigurationList = F706E1682AF3F08400F3E041 /* Build configuration list for PBXNativeTarget "ImageFeed" */;
			buildPhases = (
				F706E1502AF3F08300F3E041 /* Sources */,
				F706E1512AF3F08300F3E041 /* Frameworks */,
				F706E1522AF3F08300F3E041 /* Resources */,
			);
			buildRules = (
			);
			dependencies = (
			);
			name = ImageFeed;
			packageProductDependencies = (
				F7366A3B2B5BDFBE000452CB /* ProgressHUD */,
				F7B84D6F2C207571006B5366 /* Kingfisher */,
				F7B84D722C21D35A006B5366 /* SwiftKeychainWrapper */,
			);
			productName = ImageFeed;
			productReference = F706E1542AF3F08300F3E041 /* ImageFeed.app */;
			productType = "com.apple.product-type.application";
		};
/* End PBXNativeTarget section */

/* Begin PBXProject section */
		F706E14C2AF3F08300F3E041 /* Project object */ = {
			isa = PBXProject;
			attributes = {
				BuildIndependentTargetsInParallel = 1;
				LastSwiftUpdateCheck = 1500;
				LastUpgradeCheck = 1500;
				TargetAttributes = {
					F706E1532AF3F08300F3E041 = {
						CreatedOnToolsVersion = 15.0.1;
					};
				};
			};
			buildConfigurationList = F706E14F2AF3F08300F3E041 /* Build configuration list for PBXProject "ImageFeed" */;
			compatibilityVersion = "Xcode 14.0";
			developmentRegion = en;
			hasScannedForEncodings = 0;
			knownRegions = (
				en,
				Base,
			);
			mainGroup = F706E14B2AF3F08300F3E041;
			packageReferences = (
				F7366A3A2B5BDFBE000452CB /* XCRemoteSwiftPackageReference "ProgressHUD" */,
				F7B84D6E2C207571006B5366 /* XCRemoteSwiftPackageReference "Kingfisher" */,
				F7B84D712C21D35A006B5366 /* XCRemoteSwiftPackageReference "SwiftKeychainWrapper" */,
			);
			productRefGroup = F706E1552AF3F08300F3E041 /* Products */;
			projectDirPath = "";
			projectRoot = "";
			targets = (
				F706E1532AF3F08300F3E041 /* ImageFeed */,
			);
		};
/* End PBXProject section */

/* Begin PBXResourcesBuildPhase section */
		F706E1522AF3F08300F3E041 /* Resources */ = {
			isa = PBXResourcesBuildPhase;
			buildActionMask = 2147483647;
			files = (
				F706E1642AF3F08400F3E041 /* LaunchScreen.storyboard in Resources */,
				F706E1612AF3F08400F3E041 /* Assets.xcassets in Resources */,
				F706E15F2AF3F08300F3E041 /* Main.storyboard in Resources */,
			);
			runOnlyForDeploymentPostprocessing = 0;
		};
/* End PBXResourcesBuildPhase section */

/* Begin PBXSourcesBuildPhase section */
		F706E1502AF3F08300F3E041 /* Sources */ = {
			isa = PBXSourcesBuildPhase;
			buildActionMask = 2147483647;
			files = (
				F7F3485D2B31BC7000DD0FA8 /* OAuth2TokenStorage.swift in Sources */,
				F7401DB92B0900110049A66A /* ProfileViewController.swift in Sources */,
				F7B84D6B2C1C64DF006B5366 /* URLSession+data.swift in Sources */,
				F706E15C2AF3F08300F3E041 /* ImagesListViewController.swift in Sources */,
				F78430F92AF8C3C600EDA23F /* ImagesListCell.swift in Sources */,
				F706E1582AF3F08300F3E041 /* AppDelegate.swift in Sources */,
				F7366A382B56DCD2000452CB /* OAuthTokenResponseBody.swift in Sources */,
				F740D83E2BB2C2CC00007C82 /* ProfileImageService.swift in Sources */,
				F7F3485B2B31BC5300DD0FA8 /* OAuth2Service.swift in Sources */,
				F7366A422B68023A000452CB /* ProfileStructures.swift in Sources */,
				F77BC4CF2B24E07B00B39DA8 /* AuthViewController.swift in Sources */,
				F77BC4CD2B247C9500B39DA8 /* Constants.swift in Sources */,
				F73013C12B0B537300F4055B /* SingleImageViewController.swift in Sources */,
				F7F00F672B258A6F00729486 /* WebViewViewController.swift in Sources */,
				F706E15A2AF3F08300F3E041 /* SceneDelegate.swift in Sources */,
				F7F348572B31B9EC00DD0FA8 /* SplashViewController.swift in Sources */,
				F7B84D6D2C202F89006B5366 /* AlertPresenter.swift in Sources */,
				F7366A3E2B6799D8000452CB /* UIBlockingProgressHUD.swift in Sources */,
				F7366A402B679E48000452CB /* ProfileService.swift in Sources */,
			);
			runOnlyForDeploymentPostprocessing = 0;
		};
/* End PBXSourcesBuildPhase section */

/* Begin PBXVariantGroup section */
		F706E15D2AF3F08300F3E041 /* Main.storyboard */ = {
			isa = PBXVariantGroup;
			children = (
				F706E15E2AF3F08300F3E041 /* Base */,
			);
			name = Main.storyboard;
			sourceTree = "<group>";
		};
		F706E1622AF3F08400F3E041 /* LaunchScreen.storyboard */ = {
			isa = PBXVariantGroup;
			children = (
				F706E1632AF3F08400F3E041 /* Base */,
			);
			name = LaunchScreen.storyboard;
			sourceTree = "<group>";
		};
/* End PBXVariantGroup section */

/* Begin XCBuildConfiguration section */
		F706E1662AF3F08400F3E041 /* Debug */ = {
			isa = XCBuildConfiguration;
			buildSettings = {
				ALWAYS_SEARCH_USER_PATHS = NO;
				ASSETCATALOG_COMPILER_GENERATE_SWIFT_ASSET_SYMBOL_EXTENSIONS = YES;
				CLANG_ANALYZER_NONNULL = YES;
				CLANG_ANALYZER_NUMBER_OBJECT_CONVERSION = YES_AGGRESSIVE;
				CLANG_CXX_LANGUAGE_STANDARD = "gnu++20";
				CLANG_ENABLE_MODULES = YES;
				CLANG_ENABLE_OBJC_ARC = YES;
				CLANG_ENABLE_OBJC_WEAK = YES;
				CLANG_WARN_BLOCK_CAPTURE_AUTORELEASING = YES;
				CLANG_WARN_BOOL_CONVERSION = YES;
				CLANG_WARN_COMMA = YES;
				CLANG_WARN_CONSTANT_CONVERSION = YES;
				CLANG_WARN_DEPRECATED_OBJC_IMPLEMENTATIONS = YES;
				CLANG_WARN_DIRECT_OBJC_ISA_USAGE = YES_ERROR;
				CLANG_WARN_DOCUMENTATION_COMMENTS = YES;
				CLANG_WARN_EMPTY_BODY = YES;
				CLANG_WARN_ENUM_CONVERSION = YES;
				CLANG_WARN_INFINITE_RECURSION = YES;
				CLANG_WARN_INT_CONVERSION = YES;
				CLANG_WARN_NON_LITERAL_NULL_CONVERSION = YES;
				CLANG_WARN_OBJC_IMPLICIT_RETAIN_SELF = YES;
				CLANG_WARN_OBJC_LITERAL_CONVERSION = YES;
				CLANG_WARN_OBJC_ROOT_CLASS = YES_ERROR;
				CLANG_WARN_QUOTED_INCLUDE_IN_FRAMEWORK_HEADER = YES;
				CLANG_WARN_RANGE_LOOP_ANALYSIS = YES;
				CLANG_WARN_STRICT_PROTOTYPES = YES;
				CLANG_WARN_SUSPICIOUS_MOVE = YES;
				CLANG_WARN_UNGUARDED_AVAILABILITY = YES_AGGRESSIVE;
				CLANG_WARN_UNREACHABLE_CODE = YES;
				CLANG_WARN__DUPLICATE_METHOD_MATCH = YES;
				COPY_PHASE_STRIP = NO;
				DEBUG_INFORMATION_FORMAT = dwarf;
				ENABLE_STRICT_OBJC_MSGSEND = YES;
				ENABLE_TESTABILITY = YES;
				ENABLE_USER_SCRIPT_SANDBOXING = YES;
				GCC_C_LANGUAGE_STANDARD = gnu17;
				GCC_DYNAMIC_NO_PIC = NO;
				GCC_NO_COMMON_BLOCKS = YES;
				GCC_OPTIMIZATION_LEVEL = 0;
				GCC_PREPROCESSOR_DEFINITIONS = (
					"DEBUG=1",
					"$(inherited)",
				);
				GCC_WARN_64_TO_32_BIT_CONVERSION = YES;
				GCC_WARN_ABOUT_RETURN_TYPE = YES_ERROR;
				GCC_WARN_UNDECLARED_SELECTOR = YES;
				GCC_WARN_UNINITIALIZED_AUTOS = YES_AGGRESSIVE;
				GCC_WARN_UNUSED_FUNCTION = YES;
				GCC_WARN_UNUSED_VARIABLE = YES;
				IPHONEOS_DEPLOYMENT_TARGET = 17.0;
				LOCALIZATION_PREFERS_STRING_CATALOGS = YES;
				MTL_ENABLE_DEBUG_INFO = INCLUDE_SOURCE;
				MTL_FAST_MATH = YES;
				ONLY_ACTIVE_ARCH = YES;
				SDKROOT = iphoneos;
				SWIFT_ACTIVE_COMPILATION_CONDITIONS = "DEBUG $(inherited)";
				SWIFT_OPTIMIZATION_LEVEL = "-Onone";
			};
			name = Debug;
		};
		F706E1672AF3F08400F3E041 /* Release */ = {
			isa = XCBuildConfiguration;
			buildSettings = {
				ALWAYS_SEARCH_USER_PATHS = NO;
				ASSETCATALOG_COMPILER_GENERATE_SWIFT_ASSET_SYMBOL_EXTENSIONS = YES;
				CLANG_ANALYZER_NONNULL = YES;
				CLANG_ANALYZER_NUMBER_OBJECT_CONVERSION = YES_AGGRESSIVE;
				CLANG_CXX_LANGUAGE_STANDARD = "gnu++20";
				CLANG_ENABLE_MODULES = YES;
				CLANG_ENABLE_OBJC_ARC = YES;
				CLANG_ENABLE_OBJC_WEAK = YES;
				CLANG_WARN_BLOCK_CAPTURE_AUTORELEASING = YES;
				CLANG_WARN_BOOL_CONVERSION = YES;
				CLANG_WARN_COMMA = YES;
				CLANG_WARN_CONSTANT_CONVERSION = YES;
				CLANG_WARN_DEPRECATED_OBJC_IMPLEMENTATIONS = YES;
				CLANG_WARN_DIRECT_OBJC_ISA_USAGE = YES_ERROR;
				CLANG_WARN_DOCUMENTATION_COMMENTS = YES;
				CLANG_WARN_EMPTY_BODY = YES;
				CLANG_WARN_ENUM_CONVERSION = YES;
				CLANG_WARN_INFINITE_RECURSION = YES;
				CLANG_WARN_INT_CONVERSION = YES;
				CLANG_WARN_NON_LITERAL_NULL_CONVERSION = YES;
				CLANG_WARN_OBJC_IMPLICIT_RETAIN_SELF = YES;
				CLANG_WARN_OBJC_LITERAL_CONVERSION = YES;
				CLANG_WARN_OBJC_ROOT_CLASS = YES_ERROR;
				CLANG_WARN_QUOTED_INCLUDE_IN_FRAMEWORK_HEADER = YES;
				CLANG_WARN_RANGE_LOOP_ANALYSIS = YES;
				CLANG_WARN_STRICT_PROTOTYPES = YES;
				CLANG_WARN_SUSPICIOUS_MOVE = YES;
				CLANG_WARN_UNGUARDED_AVAILABILITY = YES_AGGRESSIVE;
				CLANG_WARN_UNREACHABLE_CODE = YES;
				CLANG_WARN__DUPLICATE_METHOD_MATCH = YES;
				COPY_PHASE_STRIP = NO;
				DEBUG_INFORMATION_FORMAT = "dwarf-with-dsym";
				ENABLE_NS_ASSERTIONS = NO;
				ENABLE_STRICT_OBJC_MSGSEND = YES;
				ENABLE_USER_SCRIPT_SANDBOXING = YES;
				GCC_C_LANGUAGE_STANDARD = gnu17;
				GCC_NO_COMMON_BLOCKS = YES;
				GCC_WARN_64_TO_32_BIT_CONVERSION = YES;
				GCC_WARN_ABOUT_RETURN_TYPE = YES_ERROR;
				GCC_WARN_UNDECLARED_SELECTOR = YES;
				GCC_WARN_UNINITIALIZED_AUTOS = YES_AGGRESSIVE;
				GCC_WARN_UNUSED_FUNCTION = YES;
				GCC_WARN_UNUSED_VARIABLE = YES;
				IPHONEOS_DEPLOYMENT_TARGET = 17.0;
				LOCALIZATION_PREFERS_STRING_CATALOGS = YES;
				MTL_ENABLE_DEBUG_INFO = NO;
				MTL_FAST_MATH = YES;
				SDKROOT = iphoneos;
				SWIFT_COMPILATION_MODE = wholemodule;
				VALIDATE_PRODUCT = YES;
			};
			name = Release;
		};
		F706E1692AF3F08400F3E041 /* Debug */ = {
			isa = XCBuildConfiguration;
			buildSettings = {
				ASSETCATALOG_COMPILER_APPICON_NAME = AppIcon;
				ASSETCATALOG_COMPILER_GLOBAL_ACCENT_COLOR_NAME = AccentColor;
				CODE_SIGN_STYLE = Automatic;
				CURRENT_PROJECT_VERSION = 1;
				DEVELOPMENT_TEAM = 7ZZFDDKGQ2;
				GENERATE_INFOPLIST_FILE = YES;
				INFOPLIST_FILE = ImageFeed/Info.plist;
				INFOPLIST_KEY_UIApplicationSupportsIndirectInputEvents = YES;
				INFOPLIST_KEY_UILaunchStoryboardName = LaunchScreen;
				INFOPLIST_KEY_UIMainStoryboardFile = Main;
				INFOPLIST_KEY_UISupportedInterfaceOrientations_iPad = "UIInterfaceOrientationPortrait UIInterfaceOrientationPortraitUpsideDown UIInterfaceOrientationLandscapeLeft UIInterfaceOrientationLandscapeRight";
				INFOPLIST_KEY_UISupportedInterfaceOrientations_iPhone = UIInterfaceOrientationPortrait;
				IPHONEOS_DEPLOYMENT_TARGET = 13.0;
				LD_RUNPATH_SEARCH_PATHS = (
					"$(inherited)",
					"@executable_path/Frameworks",
				);
				MARKETING_VERSION = 1.0;
				PRODUCT_BUNDLE_IDENTIFIER = ru.LightMoonG.ImageFeed;
				PRODUCT_NAME = "$(TARGET_NAME)";
				SUPPORTED_PLATFORMS = "iphoneos iphonesimulator";
				SUPPORTS_MACCATALYST = NO;
				SWIFT_EMIT_LOC_STRINGS = YES;
				SWIFT_VERSION = 5.0;
				TARGETED_DEVICE_FAMILY = 1;
			};
			name = Debug;
		};
		F706E16A2AF3F08400F3E041 /* Release */ = {
			isa = XCBuildConfiguration;
			buildSettings = {
				ASSETCATALOG_COMPILER_APPICON_NAME = AppIcon;
				ASSETCATALOG_COMPILER_GLOBAL_ACCENT_COLOR_NAME = AccentColor;
				CODE_SIGN_STYLE = Automatic;
				CURRENT_PROJECT_VERSION = 1;
				DEVELOPMENT_TEAM = 7ZZFDDKGQ2;
				GENERATE_INFOPLIST_FILE = YES;
				INFOPLIST_FILE = ImageFeed/Info.plist;
				INFOPLIST_KEY_UIApplicationSupportsIndirectInputEvents = YES;
				INFOPLIST_KEY_UILaunchStoryboardName = LaunchScreen;
				INFOPLIST_KEY_UIMainStoryboardFile = Main;
				INFOPLIST_KEY_UISupportedInterfaceOrientations_iPad = "UIInterfaceOrientationPortrait UIInterfaceOrientationPortraitUpsideDown UIInterfaceOrientationLandscapeLeft UIInterfaceOrientationLandscapeRight";
				INFOPLIST_KEY_UISupportedInterfaceOrientations_iPhone = UIInterfaceOrientationPortrait;
				IPHONEOS_DEPLOYMENT_TARGET = 13.0;
				LD_RUNPATH_SEARCH_PATHS = (
					"$(inherited)",
					"@executable_path/Frameworks",
				);
				MARKETING_VERSION = 1.0;
				PRODUCT_BUNDLE_IDENTIFIER = ru.LightMoonG.ImageFeed;
				PRODUCT_NAME = "$(TARGET_NAME)";
				SUPPORTED_PLATFORMS = "iphoneos iphonesimulator";
				SUPPORTS_MACCATALYST = NO;
				SWIFT_EMIT_LOC_STRINGS = YES;
				SWIFT_VERSION = 5.0;
				TARGETED_DEVICE_FAMILY = 1;
			};
			name = Release;
		};
/* End XCBuildConfiguration section */

/* Begin XCConfigurationList section */
		F706E14F2AF3F08300F3E041 /* Build configuration list for PBXProject "ImageFeed" */ = {
			isa = XCConfigurationList;
			buildConfigurations = (
				F706E1662AF3F08400F3E041 /* Debug */,
				F706E1672AF3F08400F3E041 /* Release */,
			);
			defaultConfigurationIsVisible = 0;
			defaultConfigurationName = Release;
		};
		F706E1682AF3F08400F3E041 /* Build configuration list for PBXNativeTarget "ImageFeed" */ = {
			isa = XCConfigurationList;
			buildConfigurations = (
				F706E1692AF3F08400F3E041 /* Debug */,
				F706E16A2AF3F08400F3E041 /* Release */,
			);
			defaultConfigurationIsVisible = 0;
			defaultConfigurationName = Release;
		};
/* End XCConfigurationList section */

/* Begin XCRemoteSwiftPackageReference section */
		F7366A3A2B5BDFBE000452CB /* XCRemoteSwiftPackageReference "ProgressHUD" */ = {
			isa = XCRemoteSwiftPackageReference;
			repositoryURL = "https://github.com/relatedcode/ProgressHUD";
			requirement = {
				kind = upToNextMajorVersion;
				minimumVersion = 14.1.0;
			};
		};
		F7B84D6E2C207571006B5366 /* XCRemoteSwiftPackageReference "Kingfisher" */ = {
			isa = XCRemoteSwiftPackageReference;
			repositoryURL = "https://github.com/onevcat/Kingfisher.git";
			requirement = {
				kind = upToNextMajorVersion;
				minimumVersion = 7.12.0;
			};
		};
		F7B84D712C21D35A006B5366 /* XCRemoteSwiftPackageReference "SwiftKeychainWrapper" */ = {
			isa = XCRemoteSwiftPackageReference;
			repositoryURL = "https://github.com/jrendel/SwiftKeychainWrapper";
			requirement = {
				kind = upToNextMajorVersion;
				minimumVersion = 4.0.1;
			};
		};
/* End XCRemoteSwiftPackageReference section */

/* Begin XCSwiftPackageProductDependency section */
		F7366A3B2B5BDFBE000452CB /* ProgressHUD */ = {
			isa = XCSwiftPackageProductDependency;
			package = F7366A3A2B5BDFBE000452CB /* XCRemoteSwiftPackageReference "ProgressHUD" */;
			productName = ProgressHUD;
		};
		F7B84D6F2C207571006B5366 /* Kingfisher */ = {
			isa = XCSwiftPackageProductDependency;
			package = F7B84D6E2C207571006B5366 /* XCRemoteSwiftPackageReference "Kingfisher" */;
			productName = Kingfisher;
		};
		F7B84D722C21D35A006B5366 /* SwiftKeychainWrapper */ = {
			isa = XCSwiftPackageProductDependency;
			package = F7B84D712C21D35A006B5366 /* XCRemoteSwiftPackageReference "SwiftKeychainWrapper" */;
			productName = SwiftKeychainWrapper;
		};
/* End XCSwiftPackageProductDependency section */
	};
	rootObject = F706E14C2AF3F08300F3E041 /* Project object */;
}
